
Microsoft Visual Studio Solution File, Format Version 12.00
# Visual Studio Version 17
VisualStudioVersion = 17.5.33627.172
MinimumVisualStudioVersion = 10.0.40219.1
Project("{FAE04EC0-301F-11D3-BF4B-00C04F79EFBC}") = "WebApiApplication", "WebApiApplication.csproj", "{D95E92CE-FD7A-4C3E-8E4B-1D638CFB1FE0}"
EndProject
Global
	GlobalSection(SolutionConfigurationPlatforms) = preSolution
		Debug|Any CPU = Debug|Any CPU
		Release|Any CPU = Release|Any CPU
	EndGlobalSection
	GlobalSection(ProjectConfigurationPlatforms) = postSolution
		{D95E92CE-FD7A-4C3E-8E4B-1D638CFB1FE0}.Debug|Any CPU.ActiveCfg = Debug|Any CPU
		{D95E92CE-FD7A-4C3E-8E4B-1D638CFB1FE0}.Debug|Any CPU.Build.0 = Debug|Any CPU
		{D95E92CE-FD7A-4C3E-8E4B-1D638CFB1FE0}.Release|Any CPU.ActiveCfg = Release|Any CPU
		{D95E92CE-FD7A-4C3E-8E4B-1D638CFB1FE0}.Release|Any CPU.Build.0 = Release|Any CPU
	EndGlobalSection
	GlobalSection(SolutionProperties) = preSolution
		HideSolutionNode = FALSE
	EndGlobalSection
	GlobalSection(ExtensibilityGlobals) = postSolution
		SolutionGuid = {321A6872-7F96-4C6C-9FA9-D6A084DCBD7B}
	EndGlobalSection
EndGlobal
